
Microsoft Visual Studio Solution File, Format Version 12.00
# Visual Studio Version 16
VisualStudioVersion = 16.0.30225.117
MinimumVisualStudioVersion = 10.0.40219.1
Project("{FAE04EC0-301F-11D3-BF4B-00C04F79EFBC}") = "jwt-authentication-boilerplate", "jwt-authentication-boilerplate.csproj", "{1633D763-819C-4B0A-A1B6-666AF96E9B14}"
EndProject
Global
	GlobalSection(SolutionConfigurationPlatforms) = preSolution
		Debug|Any CPU = Debug|Any CPU
		Release|Any CPU = Release|Any CPU
	EndGlobalSection
	GlobalSection(ProjectConfigurationPlatforms) = postSolution
		{1633D763-819C-4B0A-A1B6-666AF96E9B14}.Debug|Any CPU.ActiveCfg = Debug|Any CPU
		{1633D763-819C-4B0A-A1B6-666AF96E9B14}.Debug|Any CPU.Build.0 = Debug|Any CPU
		{1633D763-819C-4B0A-A1B6-666AF96E9B14}.Release|Any CPU.ActiveCfg = Release|Any CPU
		{1633D763-819C-4B0A-A1B6-666AF96E9B14}.Release|Any CPU.Build.0 = Release|Any CPU
	EndGlobalSection
	GlobalSection(SolutionProperties) = preSolution
		HideSolutionNode = FALSE
	EndGlobalSection
	GlobalSection(ExtensibilityGlobals) = postSolution
		SolutionGuid = {4D308EF9-904A-42F4-B194-F234B4F2779E}
	EndGlobalSection
EndGlobal
